
Microsoft Visual Studio Solution File, Format Version 12.00
Project("{2150E333-8FDC-42A3-9474-1A3956D46DE8}") = "Backend", "Backend", "{1AE8ACA6-933B-BF2A-3671-3E2EAC007D16}"
EndProject
Project("{FAE04EC0-301F-11D3-BF4B-00C04F79EFBC}") = "OrderApi", "Backend\OrderApi\OrderApi.csproj", "{BC8DCD61-BEFE-4282-A009-D3573B7B3C7E}"
EndProject
Project("{FAE04EC0-301F-11D3-BF4B-00C04F79EFBC}") = "InventoryService", "Backend\InventoryService\InventoryService.csproj", "{0E717616-26E6-4B2E-9E3D-0A1BF7E55EF3}"
EndProject
Project("{FAE04EC0-301F-11D3-BF4B-00C04F79EFBC}") = "PaymentService", "Backend\PaymentService\PaymentService.csproj", "{F907C4BB-523B-485E-B5B4-91E18DDD4B8A}"
EndProject
Project("{FAE04EC0-301F-11D3-BF4B-00C04F79EFBC}") = "ShippingService", "Backend\ShippingService\ShippingService.csproj", "{D6B3C223-8692-41C2-984F-CDFEFC715C01}"
EndProject
Project("{FAE04EC0-301F-11D3-BF4B-00C04F79EFBC}") = "Shared.Contracts", "Backend\Shared.Contracts\Shared.Contracts.csproj", "{433795E0-1549-4DC4-BA6A-FD713DFA4DE7}"
EndProject
Project("{2150E333-8FDC-42A3-9474-1A3956D46DE8}") = "Frontend", "Frontend", "{CE609670-85B9-0D16-FB54-ED063D5D8A6D}"
EndProject
Project("{2150E333-8FDC-42A3-9474-1A3956D46DE8}") = "ClientApp", "ClientApp", "{E49525AB-974B-243A-BAAC-2523E12B3BFB}"
EndProject
Project("{FAE04EC0-301F-11D3-BF4B-00C04F79EFBC}") = "OrderFrontend", "Frontend\ClientApp\OrderFrontend.csproj", "{DB4BE526-208F-4284-9E88-05F0950ED543}"
EndProject
Global
	GlobalSection(SolutionConfigurationPlatforms) = preSolution
		Debug|Any CPU = Debug|Any CPU
		Debug|x64 = Debug|x64
		Debug|x86 = Debug|x86
		Release|Any CPU = Release|Any CPU
		Release|x64 = Release|x64
		Release|x86 = Release|x86
	EndGlobalSection
	GlobalSection(ProjectConfigurationPlatforms) = postSolution
		{BC8DCD61-BEFE-4282-A009-D3573B7B3C7E}.Debug|Any CPU.ActiveCfg = Debug|Any CPU
		{BC8DCD61-BEFE-4282-A009-D3573B7B3C7E}.Debug|Any CPU.Build.0 = Debug|Any CPU
		{BC8DCD61-BEFE-4282-A009-D3573B7B3C7E}.Debug|x64.ActiveCfg = Debug|Any CPU
		{BC8DCD61-BEFE-4282-A009-D3573B7B3C7E}.Debug|x64.Build.0 = Debug|Any CPU
		{BC8DCD61-BEFE-4282-A009-D3573B7B3C7E}.Debug|x86.ActiveCfg = Debug|Any CPU
		{BC8DCD61-BEFE-4282-A009-D3573B7B3C7E}.Debug|x86.Build.0 = Debug|Any CPU
		{BC8DCD61-BEFE-4282-A009-D3573B7B3C7E}.Release|Any CPU.ActiveCfg = Release|Any CPU
		{BC8DCD61-BEFE-4282-A009-D3573B7B3C7E}.Release|Any CPU.Build.0 = Release|Any CPU
		{BC8DCD61-BEFE-4282-A009-D3573B7B3C7E}.Release|x64.ActiveCfg = Release|Any CPU
		{BC8DCD61-BEFE-4282-A009-D3573B7B3C7E}.Release|x64.Build.0 = Release|Any CPU
		{BC8DCD61-BEFE-4282-A009-D3573B7B3C7E}.Release|x86.ActiveCfg = Release|Any CPU
		{BC8DCD61-BEFE-4282-A009-D3573B7B3C7E}.Release|x86.Build.0 = Release|Any CPU
		{0E717616-26E6-4B2E-9E3D-0A1BF7E55EF3}.Debug|Any CPU.ActiveCfg = Debug|Any CPU
		{0E717616-26E6-4B2E-9E3D-0A1BF7E55EF3}.Debug|Any CPU.Build.0 = Debug|Any CPU
		{0E717616-26E6-4B2E-9E3D-0A1BF7E55EF3}.Debug|x64.ActiveCfg = Debug|Any CPU
		{0E717616-26E6-4B2E-9E3D-0A1BF7E55EF3}.Debug|x64.Build.0 = Debug|Any CPU
		{0E717616-26E6-4B2E-9E3D-0A1BF7E55EF3}.Debug|x86.ActiveCfg = Debug|Any CPU
		{0E717616-26E6-4B2E-9E3D-0A1BF7E55EF3}.Debug|x86.Build.0 = Debug|Any CPU
		{0E717616-26E6-4B2E-9E3D-0A1BF7E55EF3}.Release|Any CPU.ActiveCfg = Release|Any CPU
		{0E717616-26E6-4B2E-9E3D-0A1BF7E55EF3}.Release|Any CPU.Build.0 = Release|Any CPU
		{0E717616-26E6-4B2E-9E3D-0A1BF7E55EF3}.Release|x64.ActiveCfg = Release|Any CPU
		{0E717616-26E6-4B2E-9E3D-0A1BF7E55EF3}.Release|x64.Build.0 = Release|Any CPU
		{0E717616-26E6-4B2E-9E3D-0A1BF7E55EF3}.Release|x86.ActiveCfg = Release|Any CPU
		{0E717616-26E6-4B2E-9E3D-0A1BF7E55EF3}.Release|x86.Build.0 = Release|Any CPU
		{F907C4BB-523B-485E-B5B4-91E18DDD4B8A}.Debug|Any CPU.ActiveCfg = Debug|Any CPU
		{F907C4BB-523B-485E-B5B4-91E18DDD4B8A}.Debug|Any CPU.Build.0 = Debug|Any CPU
		{F907C4BB-523B-485E-B5B4-91E18DDD4B8A}.Debug|x64.ActiveCfg = Debug|Any CPU
		{F907C4BB-523B-485E-B5B4-91E18DDD4B8A}.Debug|x64.Build.0 = Debug|Any CPU
		{F907C4BB-523B-485E-B5B4-91E18DDD4B8A}.Debug|x86.ActiveCfg = Debug|Any CPU
		{F907C4BB-523B-485E-B5B4-91E18DDD4B8A}.Debug|x86.Build.0 = Debug|Any CPU
		{F907C4BB-523B-485E-B5B4-91E18DDD4B8A}.Release|Any CPU.ActiveCfg = Release|Any CPU
		{F907C4BB-523B-485E-B5B4-91E18DDD4B8A}.Release|Any CPU.Build.0 = Release|Any CPU
		{F907C4BB-523B-485E-B5B4-91E18DDD4B8A}.Release|x64.ActiveCfg = Release|Any CPU
		{F907C4BB-523B-485E-B5B4-91E18DDD4B8A}.Release|x64.Build.0 = Release|Any CPU
		{F907C4BB-523B-485E-B5B4-91E18DDD4B8A}.Release|x86.ActiveCfg = Release|Any CPU
		{F907C4BB-523B-485E-B5B4-91E18DDD4B8A}.Release|x86.Build.0 = Release|Any CPU
		{D6B3C223-8692-41C2-984F-CDFEFC715C01}.Debug|Any CPU.ActiveCfg = Debug|Any CPU
		{D6B3C223-8692-41C2-984F-CDFEFC715C01}.Debug|Any CPU.Build.0 = Debug|Any CPU
		{D6B3C223-8692-41C2-984F-CDFEFC715C01}.Debug|x64.ActiveCfg = Debug|Any CPU
		{D6B3C223-8692-41C2-984F-CDFEFC715C01}.Debug|x64.Build.0 = Debug|Any CPU
		{D6B3C223-8692-41C2-984F-CDFEFC715C01}.Debug|x86.ActiveCfg = Debug|Any CPU
		{D6B3C223-8692-41C2-984F-CDFEFC715C01}.Debug|x86.Build.0 = Debug|Any CPU
		{D6B3C223-8692-41C2-984F-CDFEFC715C01}.Release|Any CPU.ActiveCfg = Release|Any CPU
		{D6B3C223-8692-41C2-984F-CDFEFC715C01}.Release|Any CPU.Build.0 = Release|Any CPU
		{D6B3C223-8692-41C2-984F-CDFEFC715C01}.Release|x64.ActiveCfg = Release|Any CPU
		{D6B3C223-8692-41C2-984F-CDFEFC715C01}.Release|x64.Build.0 = Release|Any CPU
		{D6B3C223-8692-41C2-984F-CDFEFC715C01}.Release|x86.ActiveCfg = Release|Any CPU
		{D6B3C223-8692-41C2-984F-CDFEFC715C01}.Release|x86.Build.0 = Release|Any CPU
		{433795E0-1549-4DC4-BA6A-FD713DFA4DE7}.Debug|Any CPU.ActiveCfg = Debug|Any CPU
		{433795E0-1549-4DC4-BA6A-FD713DFA4DE7}.Debug|Any CPU.Build.0 = Debug|Any CPU
		{433795E0-1549-4DC4-BA6A-FD713DFA4DE7}.Debug|x64.ActiveCfg = Debug|Any CPU
		{433795E0-1549-4DC4-BA6A-FD713DFA4DE7}.Debug|x64.Build.0 = Debug|Any CPU
		{433795E0-1549-4DC4-BA6A-FD713DFA4DE7}.Debug|x86.ActiveCfg = Debug|Any CPU
		{433795E0-1549-4DC4-BA6A-FD713DFA4DE7}.Debug|x86.Build.0 = Debug|Any CPU
		{433795E0-1549-4DC4-BA6A-FD713DFA4DE7}.Release|Any CPU.ActiveCfg = Release|Any CPU
		{433795E0-1549-4DC4-BA6A-FD713DFA4DE7}.Release|Any CPU.Build.0 = Release|Any CPU
		{433795E0-1549-4DC4-BA6A-FD713DFA4DE7}.Release|x64.ActiveCfg = Release|Any CPU
		{433795E0-1549-4DC4-BA6A-FD713DFA4DE7}.Release|x64.Build.0 = Release|Any CPU
		{433795E0-1549-4DC4-BA6A-FD713DFA4DE7}.Release|x86.ActiveCfg = Release|Any CPU
		{433795E0-1549-4DC4-BA6A-FD713DFA4DE7}.Release|x86.Build.0 = Release|Any CPU
		{DB4BE526-208F-4284-9E88-05F0950ED543}.Debug|Any CPU.ActiveCfg = Debug|Any CPU
		{DB4BE526-208F-4284-9E88-05F0950ED543}.Debug|Any CPU.Build.0 = Debug|Any CPU
		{DB4BE526-208F-4284-9E88-05F0950ED543}.Debug|x64.ActiveCfg = Debug|Any CPU
		{DB4BE526-208F-4284-9E88-05F0950ED543}.Debug|x64.Build.0 = Debug|Any CPU
		{DB4BE526-208F-4284-9E88-05F0950ED543}.Debug|x86.ActiveCfg = Debug|Any CPU
		{DB4BE526-208F-4284-9E88-05F0950ED543}.Debug|x86.Build.0 = Debug|Any CPU
		{DB4BE526-208F-4284-9E88-05F0950ED543}.Release|Any CPU.ActiveCfg = Release|Any CPU
		{DB4BE526-208F-4284-9E88-05F0950ED543}.Release|Any CPU.Build.0 = Release|Any CPU
		{DB4BE526-208F-4284-9E88-05F0950ED543}.Release|x64.ActiveCfg = Release|Any CPU
		{DB4BE526-208F-4284-9E88-05F0950ED543}.Release|x64.Build.0 = Release|Any CPU
		{DB4BE526-208F-4284-9E88-05F0950ED543}.Release|x86.ActiveCfg = Release|Any CPU
		{DB4BE526-208F-4284-9E88-05F0950ED543}.Release|x86.Build.0 = Release|Any CPU
	EndGlobalSection
	GlobalSection(SolutionProperties) = preSolution
		HideSolutionNode = FALSE
	EndGlobalSection
	GlobalSection(NestedProjects) = preSolution
		{BC8DCD61-BEFE-4282-A009-D3573B7B3C7E} = {1AE8ACA6-933B-BF2A-3671-3E2EAC007D16}
		{0E717616-26E6-4B2E-9E3D-0A1BF7E55EF3} = {1AE8ACA6-933B-BF2A-3671-3E2EAC007D16}
		{F907C4BB-523B-485E-B5B4-91E18DDD4B8A} = {1AE8ACA6-933B-BF2A-3671-3E2EAC007D16}
		{D6B3C223-8692-41C2-984F-CDFEFC715C01} = {1AE8ACA6-933B-BF2A-3671-3E2EAC007D16}
		{433795E0-1549-4DC4-BA6A-FD713DFA4DE7} = {1AE8ACA6-933B-BF2A-3671-3E2EAC007D16}
		{E49525AB-974B-243A-BAAC-2523E12B3BFB} = {CE609670-85B9-0D16-FB54-ED063D5D8A6D}
		{DB4BE526-208F-4284-9E88-05F0950ED543} = {E49525AB-974B-243A-BAAC-2523E12B3BFB}
	EndGlobalSection
EndGlobal
